
Microsoft Visual Studio Solution File, Format Version 12.00
# Visual Studio Version 17
VisualStudioVersion = 17.14.36414.22 d17.14
MinimumVisualStudioVersion = 10.0.40219.1
Project("{FAE04EC0-301F-11D3-BF4B-00C04F79EFBC}") = "AssurancesV2", "AssurancesV2.csproj", "{490B9748-B779-4280-B17E-195EB412D2C2}"
EndProject
Global
	GlobalSection(SolutionConfigurationPlatforms) = preSolution
		Debug|Any CPU = Debug|Any CPU
		Release|Any CPU = Release|Any CPU
	EndGlobalSection
	GlobalSection(ProjectConfigurationPlatforms) = postSolution
		{490B9748-B779-4280-B17E-195EB412D2C2}.Debug|Any CPU.ActiveCfg = Debug|Any CPU
		{490B9748-B779-4280-B17E-195EB412D2C2}.Debug|Any CPU.Build.0 = Debug|Any CPU
		{490B9748-B779-4280-B17E-195EB412D2C2}.Release|Any CPU.ActiveCfg = Release|Any CPU
		{490B9748-B779-4280-B17E-195EB412D2C2}.Release|Any CPU.Build.0 = Release|Any CPU
	EndGlobalSection
	GlobalSection(SolutionProperties) = preSolution
		HideSolutionNode = FALSE
	EndGlobalSection
	GlobalSection(ExtensibilityGlobals) = postSolution
		SolutionGuid = {4F1D43D6-156D-427B-8C72-3D37C5E12A29}
	EndGlobalSection
EndGlobal
